
Microsoft Visual Studio Solution File, Format Version 12.00
# Visual Studio Version 17
VisualStudioVersion = 17.6.33723.286
MinimumVisualStudioVersion = 10.0.40219.1
Project("{9A19103F-16F7-4668-BE54-9A1E7A4F7556}") = "SdA.Games.Core.Console.UI", "SdA.Games.Core.Console.UI\SdA.Games.Core.Console.UI.csproj", "{17BC706D-4595-47E6-86C5-31BD92967348}"
EndProject
Project("{FAE04EC0-301F-11D3-BF4B-00C04F79EFBC}") = "ConsoleApp1", "ConsoleApp1\ConsoleApp1.csproj", "{80CC2A6D-19D6-478F-93CC-B1E80494AD72}"
EndProject
Project("{9A19103F-16F7-4668-BE54-9A1E7A4F7556}") = "test.console.ui", "test.console.ui\test.console.ui.csproj", "{6B95B7E9-8EBC-4EAD-A81E-B29BD1345D0B}"
EndProject
Project("{2150E333-8FDC-42A3-9474-1A3956D46DE8}") = "Libs", "Libs", "{4855610F-791A-4AD9-BD0B-AFB2AE4EA8E2}"
EndProject
Project("{2150E333-8FDC-42A3-9474-1A3956D46DE8}") = "Learnings", "Learnings", "{18FC9BB8-7500-4F53-B79A-92393D882A34}"
EndProject
Project("{2150E333-8FDC-42A3-9474-1A3956D46DE8}") = "Projet final", "Projet final", "{9C668EC0-7383-4B4A-A45C-AF745DEABF02}"
EndProject
Project("{9A19103F-16F7-4668-BE54-9A1E7A4F7556}") = "SdA.Games.Core.Models", "MonModel\SdA.Games.Core.Models.csproj", "{1BB6A1EA-A0BC-4368-B834-5F3BE4FA39D1}"
EndProject
Project("{9A19103F-16F7-4668-BE54-9A1E7A4F7556}") = "DiscoverRecord", "DiscoverRecord\DiscoverRecord.csproj", "{651D0399-58F4-46B8-8E36-DBF169E8B1F5}"
EndProject
Project("{9A19103F-16F7-4668-BE54-9A1E7A4F7556}") = "RemindDelegates", "RemindDelegates\RemindDelegates.csproj", "{C0A2A4B7-B3FB-49CA-822E-D8C0F8A23AE6}"
EndProject
Project("{9A19103F-16F7-4668-BE54-9A1E7A4F7556}") = "TestModels", "TestModels\TestModels.csproj", "{1A128F8A-3031-4452-A18A-F2285965A541}"
EndProject
Project("{9A19103F-16F7-4668-BE54-9A1E7A4F7556}") = "SdA.Games.Core.Web.Api.UI", "SdA.Games.Core.Web.Api.UI\SdA.Games.Core.Web.Api.UI.csproj", "{020ECB41-C70F-4135-BDA0-406B150CA5A1}"
EndProject
Project("{9A19103F-16F7-4668-BE54-9A1E7A4F7556}") = "SdA.Games.Core.Models.Games", "SdA.Games.Core.Models.Games\SdA.Games.Core.Models.Games.csproj", "{7F95E6DF-5204-48BF-8CD2-4C44D1DE44FA}"
EndProject
Project("{2150E333-8FDC-42A3-9474-1A3956D46DE8}") = "Games", "Games", "{FA678BBA-6B68-42F3-BA2A-947860C18F9C}"
EndProject
Project("{9A19103F-16F7-4668-BE54-9A1E7A4F7556}") = "SdA.Games.Core.Applications.Games", "SdA.Games.Core.Services.Games\SdA.Games.Core.Applications.Games.csproj", "{08CDC9AE-67CD-4B01-9A31-279C390FD246}"
EndProject
Project("{2150E333-8FDC-42A3-9474-1A3956D46DE8}") = "Domain", "Domain", "{224CD333-20B4-4E9A-BA4E-0984BDC9EB5C}"
EndProject
Project("{2150E333-8FDC-42A3-9474-1A3956D46DE8}") = "Application", "Application", "{1F5550D6-D858-4467-B041-0988E9DB7D76}"
EndProject
Project("{2150E333-8FDC-42A3-9474-1A3956D46DE8}") = "Infrastructure", "Infrastructure", "{3889A8A5-7223-45B5-AB5E-0C29FA609A2D}"
EndProject
Project("{9A19103F-16F7-4668-BE54-9A1E7A4F7556}") = "SdA.Games.Core.Infrastructures.Games", "SdA.Games.Core.Infrastructures.Games\SdA.Games.Core.Infrastructures.Games.csproj", "{2FBC3560-9FC7-4035-B8E4-0317BD6FCA9B}"
EndProject
Project("{2150E333-8FDC-42A3-9474-1A3956D46DE8}") = "Frameworks", "Frameworks", "{A91D10E0-48DA-4412-ACB6-ACC1C8B62829}"
EndProject
Project("{9A19103F-16F7-4668-BE54-9A1E7A4F7556}") = "SdA.Games.Core.Interfaces", "SdA.Games.Core.Interfaces\SdA.Games.Core.Interfaces.csproj", "{FDBBD4E4-97F7-4087-96E6-C30F78FEA5A0}"
EndProject
Project("{9A19103F-16F7-4668-BE54-9A1E7A4F7556}") = "SdA.Games.Core.Infrastructures.Games.InMemory", "SdA.Games.Core.Infrastructures.Games.InMemory\SdA.Games.Core.Infrastructures.Games.InMemory.csproj", "{9FEB5C4E-E23E-49FF-97CC-C65DDC383D7E}"
EndProject
Project("{FAE04EC0-301F-11D3-BF4B-00C04F79EFBC}") = "DiscoverEfCore", "DiscoverEfCore\DiscoverEfCore.csproj", "{A4487ED7-1C75-4144-91BA-5B4B177D01AE}"
EndProject
Project("{2150E333-8FDC-42A3-9474-1A3956D46DE8}") = "Éléments de solution", "Éléments de solution", "{1B01EDA2-52D0-49CE-A298-52C5EBEB7F1D}"
	ProjectSection(SolutionItems) = preProject
		CustomSnippets\pra.snippet = CustomSnippets\pra.snippet
	EndProjectSection
EndProject
Global
	GlobalSection(SolutionConfigurationPlatforms) = preSolution
		Debug|Any CPU = Debug|Any CPU
		Release|Any CPU = Release|Any CPU
	EndGlobalSection
	GlobalSection(ProjectConfigurationPlatforms) = postSolution
		{17BC706D-4595-47E6-86C5-31BD92967348}.Debug|Any CPU.ActiveCfg = Debug|Any CPU
		{17BC706D-4595-47E6-86C5-31BD92967348}.Debug|Any CPU.Build.0 = Debug|Any CPU
		{17BC706D-4595-47E6-86C5-31BD92967348}.Release|Any CPU.ActiveCfg = Release|Any CPU
		{17BC706D-4595-47E6-86C5-31BD92967348}.Release|Any CPU.Build.0 = Release|Any CPU
		{80CC2A6D-19D6-478F-93CC-B1E80494AD72}.Debug|Any CPU.ActiveCfg = Debug|Any CPU
		{80CC2A6D-19D6-478F-93CC-B1E80494AD72}.Debug|Any CPU.Build.0 = Debug|Any CPU
		{80CC2A6D-19D6-478F-93CC-B1E80494AD72}.Release|Any CPU.ActiveCfg = Release|Any CPU
		{80CC2A6D-19D6-478F-93CC-B1E80494AD72}.Release|Any CPU.Build.0 = Release|Any CPU
		{6B95B7E9-8EBC-4EAD-A81E-B29BD1345D0B}.Debug|Any CPU.ActiveCfg = Debug|Any CPU
		{6B95B7E9-8EBC-4EAD-A81E-B29BD1345D0B}.Debug|Any CPU.Build.0 = Debug|Any CPU
		{6B95B7E9-8EBC-4EAD-A81E-B29BD1345D0B}.Release|Any CPU.ActiveCfg = Release|Any CPU
		{6B95B7E9-8EBC-4EAD-A81E-B29BD1345D0B}.Release|Any CPU.Build.0 = Release|Any CPU
		{1BB6A1EA-A0BC-4368-B834-5F3BE4FA39D1}.Debug|Any CPU.ActiveCfg = Debug|Any CPU
		{1BB6A1EA-A0BC-4368-B834-5F3BE4FA39D1}.Debug|Any CPU.Build.0 = Debug|Any CPU
		{1BB6A1EA-A0BC-4368-B834-5F3BE4FA39D1}.Release|Any CPU.ActiveCfg = Release|Any CPU
		{1BB6A1EA-A0BC-4368-B834-5F3BE4FA39D1}.Release|Any CPU.Build.0 = Release|Any CPU
		{651D0399-58F4-46B8-8E36-DBF169E8B1F5}.Debug|Any CPU.ActiveCfg = Debug|Any CPU
		{651D0399-58F4-46B8-8E36-DBF169E8B1F5}.Debug|Any CPU.Build.0 = Debug|Any CPU
		{651D0399-58F4-46B8-8E36-DBF169E8B1F5}.Release|Any CPU.ActiveCfg = Release|Any CPU
		{651D0399-58F4-46B8-8E36-DBF169E8B1F5}.Release|Any CPU.Build.0 = Release|Any CPU
		{C0A2A4B7-B3FB-49CA-822E-D8C0F8A23AE6}.Debug|Any CPU.ActiveCfg = Debug|Any CPU
		{C0A2A4B7-B3FB-49CA-822E-D8C0F8A23AE6}.Debug|Any CPU.Build.0 = Debug|Any CPU
		{C0A2A4B7-B3FB-49CA-822E-D8C0F8A23AE6}.Release|Any CPU.ActiveCfg = Release|Any CPU
		{C0A2A4B7-B3FB-49CA-822E-D8C0F8A23AE6}.Release|Any CPU.Build.0 = Release|Any CPU
		{1A128F8A-3031-4452-A18A-F2285965A541}.Debug|Any CPU.ActiveCfg = Debug|Any CPU
		{1A128F8A-3031-4452-A18A-F2285965A541}.Debug|Any CPU.Build.0 = Debug|Any CPU
		{1A128F8A-3031-4452-A18A-F2285965A541}.Release|Any CPU.ActiveCfg = Release|Any CPU
		{1A128F8A-3031-4452-A18A-F2285965A541}.Release|Any CPU.Build.0 = Release|Any CPU
		{020ECB41-C70F-4135-BDA0-406B150CA5A1}.Debug|Any CPU.ActiveCfg = Debug|Any CPU
		{020ECB41-C70F-4135-BDA0-406B150CA5A1}.Debug|Any CPU.Build.0 = Debug|Any CPU
		{020ECB41-C70F-4135-BDA0-406B150CA5A1}.Release|Any CPU.ActiveCfg = Release|Any CPU
		{020ECB41-C70F-4135-BDA0-406B150CA5A1}.Release|Any CPU.Build.0 = Release|Any CPU
		{7F95E6DF-5204-48BF-8CD2-4C44D1DE44FA}.Debug|Any CPU.ActiveCfg = Debug|Any CPU
		{7F95E6DF-5204-48BF-8CD2-4C44D1DE44FA}.Debug|Any CPU.Build.0 = Debug|Any CPU
		{7F95E6DF-5204-48BF-8CD2-4C44D1DE44FA}.Release|Any CPU.ActiveCfg = Release|Any CPU
		{7F95E6DF-5204-48BF-8CD2-4C44D1DE44FA}.Release|Any CPU.Build.0 = Release|Any CPU
		{08CDC9AE-67CD-4B01-9A31-279C390FD246}.Debug|Any CPU.ActiveCfg = Debug|Any CPU
		{08CDC9AE-67CD-4B01-9A31-279C390FD246}.Debug|Any CPU.Build.0 = Debug|Any CPU
		{08CDC9AE-67CD-4B01-9A31-279C390FD246}.Release|Any CPU.ActiveCfg = Release|Any CPU
		{08CDC9AE-67CD-4B01-9A31-279C390FD246}.Release|Any CPU.Build.0 = Release|Any CPU
		{2FBC3560-9FC7-4035-B8E4-0317BD6FCA9B}.Debug|Any CPU.ActiveCfg = Debug|Any CPU
		{2FBC3560-9FC7-4035-B8E4-0317BD6FCA9B}.Debug|Any CPU.Build.0 = Debug|Any CPU
		{2FBC3560-9FC7-4035-B8E4-0317BD6FCA9B}.Release|Any CPU.ActiveCfg = Release|Any CPU
		{2FBC3560-9FC7-4035-B8E4-0317BD6FCA9B}.Release|Any CPU.Build.0 = Release|Any CPU
		{FDBBD4E4-97F7-4087-96E6-C30F78FEA5A0}.Debug|Any CPU.ActiveCfg = Debug|Any CPU
		{FDBBD4E4-97F7-4087-96E6-C30F78FEA5A0}.Debug|Any CPU.Build.0 = Debug|Any CPU
		{FDBBD4E4-97F7-4087-96E6-C30F78FEA5A0}.Release|Any CPU.ActiveCfg = Release|Any CPU
		{FDBBD4E4-97F7-4087-96E6-C30F78FEA5A0}.Release|Any CPU.Build.0 = Release|Any CPU
		{9FEB5C4E-E23E-49FF-97CC-C65DDC383D7E}.Debug|Any CPU.ActiveCfg = Debug|Any CPU
		{9FEB5C4E-E23E-49FF-97CC-C65DDC383D7E}.Debug|Any CPU.Build.0 = Debug|Any CPU
		{9FEB5C4E-E23E-49FF-97CC-C65DDC383D7E}.Release|Any CPU.ActiveCfg = Release|Any CPU
		{9FEB5C4E-E23E-49FF-97CC-C65DDC383D7E}.Release|Any CPU.Build.0 = Release|Any CPU
		{A4487ED7-1C75-4144-91BA-5B4B177D01AE}.Debug|Any CPU.ActiveCfg = Debug|Any CPU
		{A4487ED7-1C75-4144-91BA-5B4B177D01AE}.Debug|Any CPU.Build.0 = Debug|Any CPU
		{A4487ED7-1C75-4144-91BA-5B4B177D01AE}.Release|Any CPU.ActiveCfg = Release|Any CPU
		{A4487ED7-1C75-4144-91BA-5B4B177D01AE}.Release|Any CPU.Build.0 = Release|Any CPU
	EndGlobalSection
	GlobalSection(SolutionProperties) = preSolution
		HideSolutionNode = FALSE
	EndGlobalSection
	GlobalSection(NestedProjects) = preSolution
		{17BC706D-4595-47E6-86C5-31BD92967348} = {9C668EC0-7383-4B4A-A45C-AF745DEABF02}
		{80CC2A6D-19D6-478F-93CC-B1E80494AD72} = {18FC9BB8-7500-4F53-B79A-92393D882A34}
		{6B95B7E9-8EBC-4EAD-A81E-B29BD1345D0B} = {18FC9BB8-7500-4F53-B79A-92393D882A34}
		{1BB6A1EA-A0BC-4368-B834-5F3BE4FA39D1} = {18FC9BB8-7500-4F53-B79A-92393D882A34}
		{651D0399-58F4-46B8-8E36-DBF169E8B1F5} = {18FC9BB8-7500-4F53-B79A-92393D882A34}
		{C0A2A4B7-B3FB-49CA-822E-D8C0F8A23AE6} = {18FC9BB8-7500-4F53-B79A-92393D882A34}
		{1A128F8A-3031-4452-A18A-F2285965A541} = {18FC9BB8-7500-4F53-B79A-92393D882A34}
		{020ECB41-C70F-4135-BDA0-406B150CA5A1} = {9C668EC0-7383-4B4A-A45C-AF745DEABF02}
		{7F95E6DF-5204-48BF-8CD2-4C44D1DE44FA} = {224CD333-20B4-4E9A-BA4E-0984BDC9EB5C}
		{FA678BBA-6B68-42F3-BA2A-947860C18F9C} = {4855610F-791A-4AD9-BD0B-AFB2AE4EA8E2}
		{08CDC9AE-67CD-4B01-9A31-279C390FD246} = {1F5550D6-D858-4467-B041-0988E9DB7D76}
		{224CD333-20B4-4E9A-BA4E-0984BDC9EB5C} = {FA678BBA-6B68-42F3-BA2A-947860C18F9C}
		{1F5550D6-D858-4467-B041-0988E9DB7D76} = {FA678BBA-6B68-42F3-BA2A-947860C18F9C}
		{3889A8A5-7223-45B5-AB5E-0C29FA609A2D} = {FA678BBA-6B68-42F3-BA2A-947860C18F9C}
		{2FBC3560-9FC7-4035-B8E4-0317BD6FCA9B} = {3889A8A5-7223-45B5-AB5E-0C29FA609A2D}
		{A91D10E0-48DA-4412-ACB6-ACC1C8B62829} = {4855610F-791A-4AD9-BD0B-AFB2AE4EA8E2}
		{FDBBD4E4-97F7-4087-96E6-C30F78FEA5A0} = {A91D10E0-48DA-4412-ACB6-ACC1C8B62829}
		{9FEB5C4E-E23E-49FF-97CC-C65DDC383D7E} = {3889A8A5-7223-45B5-AB5E-0C29FA609A2D}
		{A4487ED7-1C75-4144-91BA-5B4B177D01AE} = {18FC9BB8-7500-4F53-B79A-92393D882A34}
	EndGlobalSection
	GlobalSection(ExtensibilityGlobals) = postSolution
		SolutionGuid = {3FFA691B-9B74-48EC-810F-ACA38E170C43}
	EndGlobalSection
EndGlobal
